
Microsoft Visual Studio Solution File, Format Version 12.00
# Visual Studio Version 16
VisualStudioVersion = 16.0.31205.134
MinimumVisualStudioVersion = 10.0.40219.1
Project("{FAE04EC0-301F-11D3-BF4B-00C04F79EFBC}") = "RealEstate", "RealEstate\RealEstate.csproj", "{A7D5EA82-6804-43D4-AEC0-77304590CA10}"
EndProject
Global
	GlobalSection(SolutionConfigurationPlatforms) = preSolution
		Debug|Any CPU = Debug|Any CPU
		Release|Any CPU = Release|Any CPU
	EndGlobalSection
	GlobalSection(ProjectConfigurationPlatforms) = postSolution
		{A7D5EA82-6804-43D4-AEC0-77304590CA10}.Debug|Any CPU.ActiveCfg = Debug|Any CPU
		{A7D5EA82-6804-43D4-AEC0-77304590CA10}.Debug|Any CPU.Build.0 = Debug|Any CPU
		{A7D5EA82-6804-43D4-AEC0-77304590CA10}.Release|Any CPU.ActiveCfg = Release|Any CPU
		{A7D5EA82-6804-43D4-AEC0-77304590CA10}.Release|Any CPU.Build.0 = Release|Any CPU
	EndGlobalSection
	GlobalSection(SolutionProperties) = preSolution
		HideSolutionNode = FALSE
	EndGlobalSection
	GlobalSection(ExtensibilityGlobals) = postSolution
		SolutionGuid = {B98B7808-D6BD-402F-B960-D1694B0FB7F7}
	EndGlobalSection
EndGlobal
